# THIS IS AN AUTOGENERATED FILE. DO NOT EDIT THIS FILE DIRECTLY.
# yarn lockfile v1


"@openzeppelin/contracts@^4.3.2":
  version "4.4.1"
  resolved "https://registry.yarnpkg.com/@openzeppelin/contracts/-/contracts-4.4.1.tgz#3382db2cd83ab565ed9626765e7da92944b45de8"
  integrity sha512-o+pHCf/yMLSlV5MkDQEzEQL402i6SoRnktru+0rdSxVEFZcTzzGhZCAtZjUFyKGazMSv1TilzMg+RbED1N8XHQ==
